// !$*UTF8*$!
{
	archiveVersion = 1;
	classes = {
	};
	objectVersion = 56;
	objects = {

/* Begin PBXBuildFile section */
		FFDDDFAC2BA8FA43000BF936 /* TimeSliceApp.swift in Sources */ = {isa = PBXBuildFile; fileRef = FFDDDFAB2BA8FA43000BF936 /* TimeSliceApp.swift */; };
		FFDDDFAE2BA8FA43000BF936 /* ContentView.swift in Sources */ = {isa = PBXBuildFile; fileRef = FFDDDFAD2BA8FA43000BF936 /* ContentView.swift */; };
		FFDDDFB02BA8FA43000BF936 /* Item.swift in Sources */ = {isa = PBXBuildFile; fileRef = FFDDDFAF2BA8FA43000BF936 /* Item.swift */; };
		FFDDDFB22BA8FA45000BF936 /* Assets.xcassets in Resources */ = {isa = PBXBuildFile; fileRef = FFDDDFB12BA8FA45000BF936 /* Assets.xcassets */; };
		FFDDDFB52BA8FA45000BF936 /* Preview Assets.xcassets in Resources */ = {isa = PBXBuildFile; fileRef = FFDDDFB42BA8FA45000BF936 /* Preview Assets.xcassets */; };
		FFDDDFBF2BA8FA45000BF936 /* TimeSliceTests.swift in Sources */ = {isa = PBXBuildFile; fileRef = FFDDDFBE2BA8FA45000BF936 /* TimeSliceTests.swift */; };
		FFDDDFC92BA8FA45000BF936 /* TimeSliceUITests.swift in Sources */ = {isa = PBXBuildFile; fileRef = FFDDDFC82BA8FA45000BF936 /* TimeSliceUITests.swift */; };
		FFDDDFCB2BA8FA45000BF936 /* TimeSliceUITestsLaunchTests.swift in Sources */ = {isa = PBXBuildFile; fileRef = FFDDDFCA2BA8FA45000BF936 /* TimeSliceUITestsLaunchTests.swift */; };
		FFDDDFD82BA9EFBD000BF936 /* Task.swift in Sources */ = {isa = PBXBuildFile; fileRef = FFDDDFD72BA9EFBD000BF936 /* Task.swift */; };
		FFDDDFD92BA9EFBD000BF936 /* Task.swift in Sources */ = {isa = PBXBuildFile; fileRef = FFDDDFD72BA9EFBD000BF936 /* Task.swift */; };
		FFDDDFDB2BA9F1B4000BF936 /* TaskListView.swift in Sources */ = {isa = PBXBuildFile; fileRef = FFDDDFDA2BA9F1B4000BF936 /* TaskListView.swift */; };
		FFDDDFDD2BA9F1D5000BF936 /* PomodoroTimerView.swift in Sources */ = {isa = PBXBuildFile; fileRef = FFDDDFDC2BA9F1D5000BF936 /* PomodoroTimerView.swift */; };
		FFDDDFDF2BAA4CBD000BF936 /* TaskViewModel.swift in Sources */ = {isa = PBXBuildFile; fileRef = FFDDDFDE2BAA4CBD000BF936 /* TaskViewModel.swift */; };
		FFDDDFE02BAA4CBD000BF936 /* TaskViewModel.swift in Sources */ = {isa = PBXBuildFile; fileRef = FFDDDFDE2BAA4CBD000BF936 /* TaskViewModel.swift */; };
		FFDDDFE22BAA4F59000BF936 /* TaskViewModelTests.swift in Sources */ = {isa = PBXBuildFile; fileRef = FFDDDFE12BAA4F59000BF936 /* TaskViewModelTests.swift */; };
		FFDDDFE42BAA5203000BF936 /* TaskTests.swift in Sources */ = {isa = PBXBuildFile; fileRef = FFDDDFE32BAA5203000BF936 /* TaskTests.swift */; };
/* End PBXBuildFile section */

/* Begin PBXContainerItemProxy section */
		FFDDDFBB2BA8FA45000BF936 /* PBXContainerItemProxy */ = {
			isa = PBXContainerItemProxy;
			containerPortal = FFDDDFA02BA8FA43000BF936 /* Project object */;
			proxyType = 1;
			remoteGlobalIDString = FFDDDFA72BA8FA43000BF936;
			remoteInfo = TimeSlice;
		};
		FFDDDFC52BA8FA45000BF936 /* PBXContainerItemProxy */ = {
			isa = PBXContainerItemProxy;
			containerPortal = FFDDDFA02BA8FA43000BF936 /* Project object */;
			proxyType = 1;
			remoteGlobalIDString = FFDDDFA72BA8FA43000BF936;
			remoteInfo = TimeSlice;
		};
/* End PBXContainerItemProxy section */

/* Begin PBXFileReference section */
		FFDDDFA82BA8FA43000BF936 /* TimeSlice.app */ = {isa = PBXFileReference; explicitFileType = wrapper.application; includeInIndex = 0; path = TimeSlice.app; sourceTree = BUILT_PRODUCTS_DIR; };
		FFDDDFAB2BA8FA43000BF936 /* TimeSliceApp.swift */ = {isa = PBXFileReference; lastKnownFileType = sourcecode.swift; path = TimeSliceApp.swift; sourceTree = "<group>"; };
		FFDDDFAD2BA8FA43000BF936 /* ContentView.swift */ = {isa = PBXFileReference; lastKnownFileType = sourcecode.swift; path = ContentView.swift; sourceTree = "<group>"; };
		FFDDDFAF2BA8FA43000BF936 /* Item.swift */ = {isa = PBXFileReference; lastKnownFileType = sourcecode.swift; path = Item.swift; sourceTree = "<group>"; };
		FFDDDFB12BA8FA45000BF936 /* Assets.xcassets */ = {isa = PBXFileReference; lastKnownFileType = folder.assetcatalog; path = Assets.xcassets; sourceTree = "<group>"; };
		FFDDDFB42BA8FA45000BF936 /* Preview Assets.xcassets */ = {isa = PBXFileReference; lastKnownFileType = folder.assetcatalog; path = "Preview Assets.xcassets"; sourceTree = "<group>"; };
		FFDDDFBA2BA8FA45000BF936 /* TimeSliceTests.xctest */ = {isa = PBXFileReference; explicitFileType = wrapper.cfbundle; includeInIndex = 0; path = TimeSliceTests.xctest; sourceTree = BUILT_PRODUCTS_DIR; };
		FFDDDFBE2BA8FA45000BF936 /* TimeSliceTests.swift */ = {isa = PBXFileReference; lastKnownFileType = sourcecode.swift; path = TimeSliceTests.swift; sourceTree = "<group>"; };
		FFDDDFC42BA8FA45000BF936 /* TimeSliceUITests.xctest */ = {isa = PBXFileReference; explicitFileType = wrapper.cfbundle; includeInIndex = 0; path = TimeSliceUITests.xctest; sourceTree = BUILT_PRODUCTS_DIR; };
		FFDDDFC82BA8FA45000BF936 /* TimeSliceUITests.swift */ = {isa = PBXFileReference; lastKnownFileType = sourcecode.swift; path = TimeSliceUITests.swift; sourceTree = "<group>"; };
		FFDDDFCA2BA8FA45000BF936 /* TimeSliceUITestsLaunchTests.swift */ = {isa = PBXFileReference; lastKnownFileType = sourcecode.swift; path = TimeSliceUITestsLaunchTests.swift; sourceTree = "<group>"; };
		FFDDDFD72BA9EFBD000BF936 /* Task.swift */ = {isa = PBXFileReference; lastKnownFileType = sourcecode.swift; path = Task.swift; sourceTree = "<group>"; };
		FFDDDFDA2BA9F1B4000BF936 /* TaskListView.swift */ = {isa = PBXFileReference; lastKnownFileType = sourcecode.swift; path = TaskListView.swift; sourceTree = "<group>"; };
		FFDDDFDC2BA9F1D5000BF936 /* PomodoroTimerView.swift */ = {isa = PBXFileReference; lastKnownFileType = sourcecode.swift; path = PomodoroTimerView.swift; sourceTree = "<group>"; };
		FFDDDFDE2BAA4CBD000BF936 /* TaskViewModel.swift */ = {isa = PBXFileReference; lastKnownFileType = sourcecode.swift; path = TaskViewModel.swift; sourceTree = "<group>"; };
		FFDDDFE12BAA4F59000BF936 /* TaskViewModelTests.swift */ = {isa = PBXFileReference; lastKnownFileType = sourcecode.swift; path = TaskViewModelTests.swift; sourceTree = "<group>"; };
		FFDDDFE32BAA5203000BF936 /* TaskTests.swift */ = {isa = PBXFileReference; lastKnownFileType = sourcecode.swift; path = TaskTests.swift; sourceTree = "<group>"; };
/* End PBXFileReference section */

/* Begin PBXFrameworksBuildPhase section */
		FFDDDFA52BA8FA43000BF936 /* Frameworks */ = {
			isa = PBXFrameworksBuildPhase;
			buildActionMask = 2147483647;
			files = (
			);
			runOnlyForDeploymentPostprocessing = 0;
		};
		FFDDDFB72BA8FA45000BF936 /* Frameworks */ = {
			isa = PBXFrameworksBuildPhase;
			buildActionMask = 2147483647;
			files = (
			);
			runOnlyForDeploymentPostprocessing = 0;
		};
		FFDDDFC12BA8FA45000BF936 /* Frameworks */ = {
			isa = PBXFrameworksBuildPhase;
			buildActionMask = 2147483647;
			files = (
			);
			runOnlyForDeploymentPostprocessing = 0;
		};
/* End PBXFrameworksBuildPhase section */

/* Begin PBXGroup section */
		FFDDDF9F2BA8FA43000BF936 = {
			isa = PBXGroup;
			children = (
				FFDDDFAA2BA8FA43000BF936 /* TimeSlice */,
				FFDDDFBD2BA8FA45000BF936 /* TimeSliceTests */,
				FFDDDFC72BA8FA45000BF936 /* TimeSliceUITests */,
				FFDDDFA92BA8FA43000BF936 /* Products */,
			);
			sourceTree = "<group>";
		};
		FFDDDFA92BA8FA43000BF936 /* Products */ = {
			isa = PBXGroup;
			children = (
				FFDDDFA82BA8FA43000BF936 /* TimeSlice.app */,
				FFDDDFBA2BA8FA45000BF936 /* TimeSliceTests.xctest */,
				FFDDDFC42BA8FA45000BF936 /* TimeSliceUITests.xctest */,
			);
			name = Products;
			sourceTree = "<group>";
		};
		FFDDDFAA2BA8FA43000BF936 /* TimeSlice */ = {
			isa = PBXGroup;
			children = (
				FFDDDFAB2BA8FA43000BF936 /* TimeSliceApp.swift */,
				FFDDDFAD2BA8FA43000BF936 /* ContentView.swift */,
				FFDDDFAF2BA8FA43000BF936 /* Item.swift */,
				FFDDDFB12BA8FA45000BF936 /* Assets.xcassets */,
				FFDDDFB32BA8FA45000BF936 /* Preview Content */,
				FFDDDFD72BA9EFBD000BF936 /* Task.swift */,
				FFDDDFDA2BA9F1B4000BF936 /* TaskListView.swift */,
				FFDDDFDE2BAA4CBD000BF936 /* TaskViewModel.swift */,
				FFDDDFDC2BA9F1D5000BF936 /* PomodoroTimerView.swift */,
			);
			path = TimeSlice;
			sourceTree = "<group>";
		};
		FFDDDFB32BA8FA45000BF936 /* Preview Content */ = {
			isa = PBXGroup;
			children = (
				FFDDDFB42BA8FA45000BF936 /* Preview Assets.xcassets */,
			);
			path = "Preview Content";
			sourceTree = "<group>";
		};
		FFDDDFBD2BA8FA45000BF936 /* TimeSliceTests */ = {
			isa = PBXGroup;
			children = (
				FFDDDFBE2BA8FA45000BF936 /* TimeSliceTests.swift */,
				FFDDDFE32BAA5203000BF936 /* TaskTests.swift */,
				FFDDDFE12BAA4F59000BF936 /* TaskViewModelTests.swift */,
			);
			path = TimeSliceTests;
			sourceTree = "<group>";
		};
		FFDDDFC72BA8FA45000BF936 /* TimeSliceUITests */ = {
			isa = PBXGroup;
			children = (
				FFDDDFC82BA8FA45000BF936 /* TimeSliceUITests.swift */,
				FFDDDFCA2BA8FA45000BF936 /* TimeSliceUITestsLaunchTests.swift */,
			);
			path = TimeSliceUITests;
			sourceTree = "<group>";
		};
/* End PBXGroup section */

/* Begin PBXNativeTarget section */
		FFDDDFA72BA8FA43000BF936 /* TimeSlice */ = {
			isa = PBXNativeTarget;
			buildConfigurationList = FFDDDFCE2BA8FA45000BF936 /* Build configuration list for PBXNativeTarget "TimeSlice" */;
			buildPhases = (
				FFDDDFA42BA8FA43000BF936 /* Sources */,
				FFDDDFA52BA8FA43000BF936 /* Frameworks */,
				FFDDDFA62BA8FA43000BF936 /* Resources */,
			);
			buildRules = (
			);
			dependencies = (
			);
			name = TimeSlice;
			productName = TimeSlice;
			productReference = FFDDDFA82BA8FA43000BF936 /* TimeSlice.app */;
			productType = "com.apple.product-type.application";
		};
		FFDDDFB92BA8FA45000BF936 /* TimeSliceTests */ = {
			isa = PBXNativeTarget;
			buildConfigurationList = FFDDDFD12BA8FA45000BF936 /* Build configuration list for PBXNativeTarget "TimeSliceTests" */;
			buildPhases = (
				FFDDDFB62BA8FA45000BF936 /* Sources */,
				FFDDDFB72BA8FA45000BF936 /* Frameworks */,
				FFDDDFB82BA8FA45000BF936 /* Resources */,
			);
			buildRules = (
			);
			dependencies = (
				FFDDDFBC2BA8FA45000BF936 /* PBXTargetDependency */,
			);
			name = TimeSliceTests;
			productName = TimeSliceTests;
			productReference = FFDDDFBA2BA8FA45000BF936 /* TimeSliceTests.xctest */;
			productType = "com.apple.product-type.bundle.unit-test";
		};
		FFDDDFC32BA8FA45000BF936 /* TimeSliceUITests */ = {
			isa = PBXNativeTarget;
			buildConfigurationList = FFDDDFD42BA8FA45000BF936 /* Build configuration list for PBXNativeTarget "TimeSliceUITests" */;
			buildPhases = (
				FFDDDFC02BA8FA45000BF936 /* Sources */,
				FFDDDFC12BA8FA45000BF936 /* Frameworks */,
				FFDDDFC22BA8FA45000BF936 /* Resources */,
			);
			buildRules = (
			);
			dependencies = (
				FFDDDFC62BA8FA45000BF936 /* PBXTargetDependency */,
			);
			name = TimeSliceUITests;
			productName = TimeSliceUITests;
			productReference = FFDDDFC42BA8FA45000BF936 /* TimeSliceUITests.xctest */;
			productType = "com.apple.product-type.bundle.ui-testing";
		};
/* End PBXNativeTarget section */

/* Begin PBXProject section */
		FFDDDFA02BA8FA43000BF936 /* Project object */ = {
			isa = PBXProject;
			attributes = {
				BuildIndependentTargetsInParallel = 1;
				LastSwiftUpdateCheck = 1530;
				LastUpgradeCheck = 1530;
				TargetAttributes = {
					FFDDDFA72BA8FA43000BF936 = {
						CreatedOnToolsVersion = 15.3;
					};
					FFDDDFB92BA8FA45000BF936 = {
						CreatedOnToolsVersion = 15.3;
						TestTargetID = FFDDDFA72BA8FA43000BF936;
					};
					FFDDDFC32BA8FA45000BF936 = {
						CreatedOnToolsVersion = 15.3;
						TestTargetID = FFDDDFA72BA8FA43000BF936;
					};
				};
			};
			buildConfigurationList = FFDDDFA32BA8FA43000BF936 /* Build configuration list for PBXProject "TimeSlice" */;
			compatibilityVersion = "Xcode 14.0";
			developmentRegion = en;
			hasScannedForEncodings = 0;
			knownRegions = (
				en,
				Base,
			);
			mainGroup = FFDDDF9F2BA8FA43000BF936;
			productRefGroup = FFDDDFA92BA8FA43000BF936 /* Products */;
			projectDirPath = "";
			projectRoot = "";
			targets = (
				FFDDDFA72BA8FA43000BF936 /* TimeSlice */,
				FFDDDFB92BA8FA45000BF936 /* TimeSliceTests */,
				FFDDDFC32BA8FA45000BF936 /* TimeSliceUITests */,
			);
		};
/* End PBXProject section */

/* Begin PBXResourcesBuildPhase section */
		FFDDDFA62BA8FA43000BF936 /* Resources */ = {
			isa = PBXResourcesBuildPhase;
			buildActionMask = 2147483647;
			files = (
				FFDDDFB52BA8FA45000BF936 /* Preview Assets.xcassets in Resources */,
				FFDDDFB22BA8FA45000BF936 /* Assets.xcassets in Resources */,
			);
			runOnlyForDeploymentPostprocessing = 0;
		};
		FFDDDFB82BA8FA45000BF936 /* Resources */ = {
			isa = PBXResourcesBuildPhase;
			buildActionMask = 2147483647;
			files = (
			);
			runOnlyForDeploymentPostprocessing = 0;
		};
		FFDDDFC22BA8FA45000BF936 /* Resources */ = {
			isa = PBXResourcesBuildPhase;
			buildActionMask = 2147483647;
			files = (
			);
			runOnlyForDeploymentPostprocessing = 0;
		};
/* End PBXResourcesBuildPhase section */

/* Begin PBXSourcesBuildPhase section */
		FFDDDFA42BA8FA43000BF936 /* Sources */ = {
			isa = PBXSourcesBuildPhase;
			buildActionMask = 2147483647;
			files = (
				FFDDDFD82BA9EFBD000BF936 /* Task.swift in Sources */,
				FFDDDFDF2BAA4CBD000BF936 /* TaskViewModel.swift in Sources */,
				FFDDDFAE2BA8FA43000BF936 /* ContentView.swift in Sources */,
				FFDDDFDB2BA9F1B4000BF936 /* TaskListView.swift in Sources */,
				FFDDDFDD2BA9F1D5000BF936 /* PomodoroTimerView.swift in Sources */,
				FFDDDFB02BA8FA43000BF936 /* Item.swift in Sources */,
				FFDDDFAC2BA8FA43000BF936 /* TimeSliceApp.swift in Sources */,
			);
			runOnlyForDeploymentPostprocessing = 0;
		};
		FFDDDFB62BA8FA45000BF936 /* Sources */ = {
			isa = PBXSourcesBuildPhase;
			buildActionMask = 2147483647;
			files = (
				FFDDDFD92BA9EFBD000BF936 /* Task.swift in Sources */,
				FFDDDFE42BAA5203000BF936 /* TaskTests.swift in Sources */,
				FFDDDFE22BAA4F59000BF936 /* TaskViewModelTests.swift in Sources */,
				FFDDDFE02BAA4CBD000BF936 /* TaskViewModel.swift in Sources */,
				FFDDDFBF2BA8FA45000BF936 /* TimeSliceTests.swift in Sources */,
			);
			runOnlyForDeploymentPostprocessing = 0;
		};
		FFDDDFC02BA8FA45000BF936 /* Sources */ = {
			isa = PBXSourcesBuildPhase;
			buildActionMask = 2147483647;
			files = (
				FFDDDFCB2BA8FA45000BF936 /* TimeSliceUITestsLaunchTests.swift in Sources */,
				FFDDDFC92BA8FA45000BF936 /* TimeSliceUITests.swift in Sources */,
			);
			runOnlyForDeploymentPostprocessing = 0;
		};
/* End PBXSourcesBuildPhase section */

/* Begin PBXTargetDependency section */
		FFDDDFBC2BA8FA45000BF936 /* PBXTargetDependency */ = {
			isa = PBXTargetDependency;
			target = FFDDDFA72BA8FA43000BF936 /* TimeSlice */;
			targetProxy = FFDDDFBB2BA8FA45000BF936 /* PBXContainerItemProxy */;
		};
		FFDDDFC62BA8FA45000BF936 /* PBXTargetDependency */ = {
			isa = PBXTargetDependency;
			target = FFDDDFA72BA8FA43000BF936 /* TimeSlice */;
			targetProxy = FFDDDFC52BA8FA45000BF936 /* PBXContainerItemProxy */;
		};
/* End PBXTargetDependency section */

/* Begin XCBuildConfiguration section */
		FFDDDFCC2BA8FA45000BF936 /* Debug */ = {
			isa = XCBuildConfiguration;
			buildSettings = {
				ALWAYS_SEARCH_USER_PATHS = NO;
				ASSETCATALOG_COMPILER_GENERATE_SWIFT_ASSET_SYMBOL_EXTENSIONS = YES;
				CLANG_ANALYZER_NONNULL = YES;
				CLANG_ANALYZER_NUMBER_OBJECT_CONVERSION = YES_AGGRESSIVE;
				CLANG_CXX_LANGUAGE_STANDARD = "gnu++20";
				CLANG_ENABLE_MODULES = YES;
				CLANG_ENABLE_OBJC_ARC = YES;
				CLANG_ENABLE_OBJC_WEAK = YES;
				CLANG_WARN_BLOCK_CAPTURE_AUTORELEASING = YES;
				CLANG_WARN_BOOL_CONVERSION = YES;
				CLANG_WARN_COMMA = YES;
				CLANG_WARN_CONSTANT_CONVERSION = YES;
				CLANG_WARN_DEPRECATED_OBJC_IMPLEMENTATIONS = YES;
				CLANG_WARN_DIRECT_OBJC_ISA_USAGE = YES_ERROR;
				CLANG_WARN_DOCUMENTATION_COMMENTS = YES;
				CLANG_WARN_EMPTY_BODY = YES;
				CLANG_WARN_ENUM_CONVERSION = YES;
				CLANG_WARN_INFINITE_RECURSION = YES;
				CLANG_WARN_INT_CONVERSION = YES;
				CLANG_WARN_NON_LITERAL_NULL_CONVERSION = YES;
				CLANG_WARN_OBJC_IMPLICIT_RETAIN_SELF = YES;
				CLANG_WARN_OBJC_LITERAL_CONVERSION = YES;
				CLANG_WARN_OBJC_ROOT_CLASS = YES_ERROR;
				CLANG_WARN_QUOTED_INCLUDE_IN_FRAMEWORK_HEADER = YES;
				CLANG_WARN_RANGE_LOOP_ANALYSIS = YES;
				CLANG_WARN_STRICT_PROTOTYPES = YES;
				CLANG_WARN_SUSPICIOUS_MOVE = YES;
				CLANG_WARN_UNGUARDED_AVAILABILITY = YES_AGGRESSIVE;
				CLANG_WARN_UNREACHABLE_CODE = YES;
				CLANG_WARN__DUPLICATE_METHOD_MATCH = YES;
				COPY_PHASE_STRIP = NO;
				DEBUG_INFORMATION_FORMAT = dwarf;
				ENABLE_STRICT_OBJC_MSGSEND = YES;
				ENABLE_TESTABILITY = YES;
				ENABLE_USER_SCRIPT_SANDBOXING = YES;
				GCC_C_LANGUAGE_STANDARD = gnu17;
				GCC_DYNAMIC_NO_PIC = NO;
				GCC_NO_COMMON_BLOCKS = YES;
				GCC_OPTIMIZATION_LEVEL = 0;
				GCC_PREPROCESSOR_DEFINITIONS = (
					"DEBUG=1",
					"$(inherited)",
				);
				GCC_WARN_64_TO_32_BIT_CONVERSION = YES;
				GCC_WARN_ABOUT_RETURN_TYPE = YES_ERROR;
				GCC_WARN_UNDECLARED_SELECTOR = YES;
				GCC_WARN_UNINITIALIZED_AUTOS = YES_AGGRESSIVE;
				GCC_WARN_UNUSED_FUNCTION = YES;
				GCC_WARN_UNUSED_VARIABLE = YES;
				IPHONEOS_DEPLOYMENT_TARGET = 17.4;
				LOCALIZATION_PREFERS_STRING_CATALOGS = YES;
				MTL_ENABLE_DEBUG_INFO = INCLUDE_SOURCE;
				MTL_FAST_MATH = YES;
				ONLY_ACTIVE_ARCH = YES;
				SDKROOT = iphoneos;
				SWIFT_ACTIVE_COMPILATION_CONDITIONS = "DEBUG $(inherited)";
				SWIFT_OPTIMIZATION_LEVEL = "-Onone";
			};
			name = Debug;
		};
		FFDDDFCD2BA8FA45000BF936 /* Release */ = {
			isa = XCBuildConfiguration;
			buildSettings = {
				ALWAYS_SEARCH_USER_PATHS = NO;
				ASSETCATALOG_COMPILER_GENERATE_SWIFT_ASSET_SYMBOL_EXTENSIONS = YES;
				CLANG_ANALYZER_NONNULL = YES;
				CLANG_ANALYZER_NUMBER_OBJECT_CONVERSION = YES_AGGRESSIVE;
				CLANG_CXX_LANGUAGE_STANDARD = "gnu++20";
				CLANG_ENABLE_MODULES = YES;
				CLANG_ENABLE_OBJC_ARC = YES;
				CLANG_ENABLE_OBJC_WEAK = YES;
				CLANG_WARN_BLOCK_CAPTURE_AUTORELEASING = YES;
				CLANG_WARN_BOOL_CONVERSION = YES;
				CLANG_WARN_COMMA = YES;
				CLANG_WARN_CONSTANT_CONVERSION = YES;
				CLANG_WARN_DEPRECATED_OBJC_IMPLEMENTATIONS = YES;
				CLANG_WARN_DIRECT_OBJC_ISA_USAGE = YES_ERROR;
				CLANG_WARN_DOCUMENTATION_COMMENTS = YES;
				CLANG_WARN_EMPTY_BODY = YES;
				CLANG_WARN_ENUM_CONVERSION = YES;
				CLANG_WARN_INFINITE_RECURSION = YES;
				CLANG_WARN_INT_CONVERSION = YES;
				CLANG_WARN_NON_LITERAL_NULL_CONVERSION = YES;
				CLANG_WARN_OBJC_IMPLICIT_RETAIN_SELF = YES;
				CLANG_WARN_OBJC_LITERAL_CONVERSION = YES;
				CLANG_WARN_OBJC_ROOT_CLASS = YES_ERROR;
				CLANG_WARN_QUOTED_INCLUDE_IN_FRAMEWORK_HEADER = YES;
				CLANG_WARN_RANGE_LOOP_ANALYSIS = YES;
				CLANG_WARN_STRICT_PROTOTYPES = YES;
				CLANG_WARN_SUSPICIOUS_MOVE = YES;
				CLANG_WARN_UNGUARDED_AVAILABILITY = YES_AGGRESSIVE;
				CLANG_WARN_UNREACHABLE_CODE = YES;
				CLANG_WARN__DUPLICATE_METHOD_MATCH = YES;
				COPY_PHASE_STRIP = NO;
				DEBUG_INFORMATION_FORMAT = "dwarf-with-dsym";
				ENABLE_NS_ASSERTIONS = NO;
				ENABLE_STRICT_OBJC_MSGSEND = YES;
				ENABLE_USER_SCRIPT_SANDBOXING = YES;
				GCC_C_LANGUAGE_STANDARD = gnu17;
				GCC_NO_COMMON_BLOCKS = YES;
				GCC_WARN_64_TO_32_BIT_CONVERSION = YES;
				GCC_WARN_ABOUT_RETURN_TYPE = YES_ERROR;
				GCC_WARN_UNDECLARED_SELECTOR = YES;
				GCC_WARN_UNINITIALIZED_AUTOS = YES_AGGRESSIVE;
				GCC_WARN_UNUSED_FUNCTION = YES;
				GCC_WARN_UNUSED_VARIABLE = YES;
				IPHONEOS_DEPLOYMENT_TARGET = 17.4;
				LOCALIZATION_PREFERS_STRING_CATALOGS = YES;
				MTL_ENABLE_DEBUG_INFO = NO;
				MTL_FAST_MATH = YES;
				SDKROOT = iphoneos;
				SWIFT_COMPILATION_MODE = wholemodule;
				VALIDATE_PRODUCT = YES;
			};
			name = Release;
		};
		FFDDDFCF2BA8FA45000BF936 /* Debug */ = {
			isa = XCBuildConfiguration;
			buildSettings = {
				ASSETCATALOG_COMPILER_APPICON_NAME = AppIcon;
				ASSETCATALOG_COMPILER_GLOBAL_ACCENT_COLOR_NAME = AccentColor;
				CODE_SIGN_STYLE = Automatic;
				CURRENT_PROJECT_VERSION = 1;
				DEVELOPMENT_ASSET_PATHS = "\"TimeSlice/Preview Content\"";
				ENABLE_PREVIEWS = YES;
				GENERATE_INFOPLIST_FILE = YES;
				INFOPLIST_KEY_UIApplicationSceneManifest_Generation = YES;
				INFOPLIST_KEY_UIApplicationSupportsIndirectInputEvents = YES;
				INFOPLIST_KEY_UILaunchScreen_Generation = YES;
				INFOPLIST_KEY_UISupportedInterfaceOrientations_iPad = "UIInterfaceOrientationPortrait UIInterfaceOrientationPortraitUpsideDown UIInterfaceOrientationLandscapeLeft UIInterfaceOrientationLandscapeRight";
				INFOPLIST_KEY_UISupportedInterfaceOrientations_iPhone = "UIInterfaceOrientationPortrait UIInterfaceOrientationLandscapeLeft UIInterfaceOrientationLandscapeRight";
				LD_RUNPATH_SEARCH_PATHS = (
					"$(inherited)",
					"@executable_path/Frameworks",
				);
				MARKETING_VERSION = 1.0;
				PRODUCT_BUNDLE_IDENTIFIER = kateyzcodes.TimeSlice;
				PRODUCT_NAME = "$(TARGET_NAME)";
				SWIFT_EMIT_LOC_STRINGS = YES;
				SWIFT_VERSION = 5.0;
				TARGETED_DEVICE_FAMILY = "1,2";
			};
			name = Debug;
		};
		FFDDDFD02BA8FA45000BF936 /* Release */ = {
			isa = XCBuildConfiguration;
			buildSettings = {
				ASSETCATALOG_COMPILER_APPICON_NAME = AppIcon;
				ASSETCATALOG_COMPILER_GLOBAL_ACCENT_COLOR_NAME = AccentColor;
				CODE_SIGN_STYLE = Automatic;
				CURRENT_PROJECT_VERSION = 1;
				DEVELOPMENT_ASSET_PATHS = "\"TimeSlice/Preview Content\"";
				ENABLE_PREVIEWS = YES;
				GENERATE_INFOPLIST_FILE = YES;
				INFOPLIST_KEY_UIApplicationSceneManifest_Generation = YES;
				INFOPLIST_KEY_UIApplicationSupportsIndirectInputEvents = YES;
				INFOPLIST_KEY_UILaunchScreen_Generation = YES;
				INFOPLIST_KEY_UISupportedInterfaceOrientations_iPad = "UIInterfaceOrientationPortrait UIInterfaceOrientationPortraitUpsideDown UIInterfaceOrientationLandscapeLeft UIInterfaceOrientationLandscapeRight";
				INFOPLIST_KEY_UISupportedInterfaceOrientations_iPhone = "UIInterfaceOrientationPortrait UIInterfaceOrientationLandscapeLeft UIInterfaceOrientationLandscapeRight";
				LD_RUNPATH_SEARCH_PATHS = (
					"$(inherited)",
					"@executable_path/Frameworks",
				);
				MARKETING_VERSION = 1.0;
				PRODUCT_BUNDLE_IDENTIFIER = kateyzcodes.TimeSlice;
				PRODUCT_NAME = "$(TARGET_NAME)";
				SWIFT_EMIT_LOC_STRINGS = YES;
				SWIFT_VERSION = 5.0;
				TARGETED_DEVICE_FAMILY = "1,2";
			};
			name = Release;
		};
		FFDDDFD22BA8FA45000BF936 /* Debug */ = {
			isa = XCBuildConfiguration;
			buildSettings = {
				ALWAYS_EMBED_SWIFT_STANDARD_LIBRARIES = YES;
				BUNDLE_LOADER = "$(TEST_HOST)";
				CODE_SIGN_STYLE = Automatic;
				CURRENT_PROJECT_VERSION = 1;
				GENERATE_INFOPLIST_FILE = YES;
				IPHONEOS_DEPLOYMENT_TARGET = 17.4;
				MARKETING_VERSION = 1.0;
				PRODUCT_BUNDLE_IDENTIFIER = kateyzcodes.TimeSliceTests;
				PRODUCT_NAME = "$(TARGET_NAME)";
				SWIFT_EMIT_LOC_STRINGS = NO;
				SWIFT_VERSION = 5.0;
				TARGETED_DEVICE_FAMILY = "1,2";
				TEST_HOST = "$(BUILT_PRODUCTS_DIR)/TimeSlice.app/$(BUNDLE_EXECUTABLE_FOLDER_PATH)/TimeSlice";
			};
			name = Debug;
		};
		FFDDDFD32BA8FA45000BF936 /* Release */ = {
			isa = XCBuildConfiguration;
			buildSettings = {
				ALWAYS_EMBED_SWIFT_STANDARD_LIBRARIES = YES;
				BUNDLE_LOADER = "$(TEST_HOST)";
				CODE_SIGN_STYLE = Automatic;
				CURRENT_PROJECT_VERSION = 1;
				GENERATE_INFOPLIST_FILE = YES;
				IPHONEOS_DEPLOYMENT_TARGET = 17.4;
				MARKETING_VERSION = 1.0;
				PRODUCT_BUNDLE_IDENTIFIER = kateyzcodes.TimeSliceTests;
				PRODUCT_NAME = "$(TARGET_NAME)";
				SWIFT_EMIT_LOC_STRINGS = NO;
				SWIFT_VERSION = 5.0;
				TARGETED_DEVICE_FAMILY = "1,2";
				TEST_HOST = "$(BUILT_PRODUCTS_DIR)/TimeSlice.app/$(BUNDLE_EXECUTABLE_FOLDER_PATH)/TimeSlice";
			};
			name = Release;
		};
		FFDDDFD52BA8FA45000BF936 /* Debug */ = {
			isa = XCBuildConfiguration;
			buildSettings = {
				ALWAYS_EMBED_SWIFT_STANDARD_LIBRARIES = YES;
				CODE_SIGN_STYLE = Automatic;
				CURRENT_PROJECT_VERSION = 1;
				GENERATE_INFOPLIST_FILE = YES;
				MARKETING_VERSION = 1.0;
				PRODUCT_BUNDLE_IDENTIFIER = kateyzcodes.TimeSliceUITests;
				PRODUCT_NAME = "$(TARGET_NAME)";
				SWIFT_EMIT_LOC_STRINGS = NO;
				SWIFT_VERSION = 5.0;
				TARGETED_DEVICE_FAMILY = "1,2";
				TEST_TARGET_NAME = TimeSlice;
			};
			name = Debug;
		};
		FFDDDFD62BA8FA45000BF936 /* Release */ = {
			isa = XCBuildConfiguration;
			buildSettings = {
				ALWAYS_EMBED_SWIFT_STANDARD_LIBRARIES = YES;
				CODE_SIGN_STYLE = Automatic;
				CURRENT_PROJECT_VERSION = 1;
				GENERATE_INFOPLIST_FILE = YES;
				MARKETING_VERSION = 1.0;
				PRODUCT_BUNDLE_IDENTIFIER = kateyzcodes.TimeSliceUITests;
				PRODUCT_NAME = "$(TARGET_NAME)";
				SWIFT_EMIT_LOC_STRINGS = NO;
				SWIFT_VERSION = 5.0;
				TARGETED_DEVICE_FAMILY = "1,2";
				TEST_TARGET_NAME = TimeSlice;
			};
			name = Release;
		};
/* End XCBuildConfiguration section */

/* Begin XCConfigurationList section */
		FFDDDFA32BA8FA43000BF936 /* Build configuration list for PBXProject "TimeSlice" */ = {
			isa = XCConfigurationList;
			buildConfigurations = (
				FFDDDFCC2BA8FA45000BF936 /* Debug */,
				FFDDDFCD2BA8FA45000BF936 /* Release */,
			);
			defaultConfigurationIsVisible = 0;
			defaultConfigurationName = Release;
		};
		FFDDDFCE2BA8FA45000BF936 /* Build configuration list for PBXNativeTarget "TimeSlice" */ = {
			isa = XCConfigurationList;
			buildConfigurations = (
				FFDDDFCF2BA8FA45000BF936 /* Debug */,
				FFDDDFD02BA8FA45000BF936 /* Release */,
			);
			defaultConfigurationIsVisible = 0;
			defaultConfigurationName = Release;
		};
		FFDDDFD12BA8FA45000BF936 /* Build configuration list for PBXNativeTarget "TimeSliceTests" */ = {
			isa = XCConfigurationList;
			buildConfigurations = (
				FFDDDFD22BA8FA45000BF936 /* Debug */,
				FFDDDFD32BA8FA45000BF936 /* Release */,
			);
			defaultConfigurationIsVisible = 0;
			defaultConfigurationName = Release;
		};
		FFDDDFD42BA8FA45000BF936 /* Build configuration list for PBXNativeTarget "TimeSliceUITests" */ = {
			isa = XCConfigurationList;
			buildConfigurations = (
				FFDDDFD52BA8FA45000BF936 /* Debug */,
				FFDDDFD62BA8FA45000BF936 /* Release */,
			);
			defaultConfigurationIsVisible = 0;
			defaultConfigurationName = Release;
		};
/* End XCConfigurationList section */
	};
	rootObject = FFDDDFA02BA8FA43000BF936 /* Project object */;
}
